Microsoft Visual Studio Solution File, Format Version 12.00
# Visual Studio 15
VisualStudioVersion = 15.0.27130.2027
MinimumVisualStudioVersion = 15.0.26124.0
Project("{9A19103F-16F7-4668-BE54-9A1E7A4F7556}") = "Web.Server", "Web.Server\Web.Server.csproj", "{CCAD2AB9-F9EF-496B-894B-15C14ADD356C}"
EndProject
Project("{9A19103F-16F7-4668-BE54-9A1E7A4F7556}") = "Web.App", "Web.App\Web.App.csproj", "{2A7441D1-ECB0-48CE-A272-BFE2EDE9428D}"
EndProject
Global
	GlobalSection(SolutionConfigurationPlatforms) = preSolution
		Debug|Any CPU = Debug|Any CPU
		Debug|x64 = Debug|x64
		Debug|x86 = Debug|x86
		Release|Any CPU = Release|Any CPU
		Release|x64 = Release|x64
		Release|x86 = Release|x86
	EndGlobalSection
	GlobalSection(ProjectConfigurationPlatforms) = postSolution
		{2A7441D1-ECB0-48CE-A272-BFE2EDE9428D}.Debug|Any CPU.ActiveCfg = Debug|Any CPU
		{2A7441D1-ECB0-48CE-A272-BFE2EDE9428D}.Debug|Any CPU.Build.0 = Debug|Any CPU
		{2A7441D1-ECB0-48CE-A272-BFE2EDE9428D}.Debug|x64.ActiveCfg = Debug|Any CPU
		{2A7441D1-ECB0-48CE-A272-BFE2EDE9428D}.Debug|x64.Build.0 = Debug|Any CPU
		{2A7441D1-ECB0-48CE-A272-BFE2EDE9428D}.Debug|x86.ActiveCfg = Debug|Any CPU
		{2A7441D1-ECB0-48CE-A272-BFE2EDE9428D}.Debug|x86.Build.0 = Debug|Any CPU
		{2A7441D1-ECB0-48CE-A272-BFE2EDE9428D}.Release|Any CPU.ActiveCfg = Release|Any CPU
		{2A7441D1-ECB0-48CE-A272-BFE2EDE9428D}.Release|Any CPU.Build.0 = Release|Any CPU
		{2A7441D1-ECB0-48CE-A272-BFE2EDE9428D}.Release|x64.ActiveCfg = Release|Any CPU
		{2A7441D1-ECB0-48CE-A272-BFE2EDE9428D}.Release|x64.Build.0 = Release|Any CPU
		{2A7441D1-ECB0-48CE-A272-BFE2EDE9428D}.Release|x86.ActiveCfg = Release|Any CPU
		{2A7441D1-ECB0-48CE-A272-BFE2EDE9428D}.Release|x86.Build.0 = Release|Any CPU
		{CCAD2AB9-F9EF-496B-894B-15C14ADD356C}.Debug|Any CPU.ActiveCfg = Debug|Any CPU
		{CCAD2AB9-F9EF-496B-894B-15C14ADD356C}.Debug|Any CPU.Build.0 = Debug|Any CPU
		{CCAD2AB9-F9EF-496B-894B-15C14ADD356C}.Debug|x64.ActiveCfg = Debug|Any CPU
		{CCAD2AB9-F9EF-496B-894B-15C14ADD356C}.Debug|x64.Build.0 = Debug|Any CPU
		{CCAD2AB9-F9EF-496B-894B-15C14ADD356C}.Debug|x86.ActiveCfg = Debug|Any CPU
		{CCAD2AB9-F9EF-496B-894B-15C14ADD356C}.Debug|x86.Build.0 = Debug|Any CPU
		{CCAD2AB9-F9EF-496B-894B-15C14ADD356C}.Release|Any CPU.ActiveCfg = Release|Any CPU
		{CCAD2AB9-F9EF-496B-894B-15C14ADD356C}.Release|Any CPU.Build.0 = Release|Any CPU
		{CCAD2AB9-F9EF-496B-894B-15C14ADD356C}.Release|x64.ActiveCfg = Release|Any CPU
		{CCAD2AB9-F9EF-496B-894B-15C14ADD356C}.Release|x64.Build.0 = Release|Any CPU
		{CCAD2AB9-F9EF-496B-894B-15C14ADD356C}.Release|x86.ActiveCfg = Release|Any CPU
		{CCAD2AB9-F9EF-496B-894B-15C14ADD356C}.Release|x86.Build.0 = Release|Any CPU
	EndGlobalSection
	GlobalSection(SolutionProperties) = preSolution
		HideSolutionNode = FALSE
	EndGlobalSection
	GlobalSection(ExtensibilityGlobals) = postSolution
		SolutionGuid = {80CD7836-F60E-4A35-96D8-7DC8106CC261}
	EndGlobalSection
EndGlobal
